
Microsoft Visual Studio Solution File, Format Version 12.00
# Visual Studio Version 17
VisualStudioVersion = 17.9.34616.47
MinimumVisualStudioVersion = 10.0.40219.1
Project("{8BC9CEB8-8B4A-11D0-8D11-00A0C91BC942}") = "StreamerReaderAndWriter", "StreamerReaderAndWriter.vcxproj", "{5CB3F7A0-7850-425B-9C9C-8A7EB409F43B}"
EndProject
Project("{8BC9CEB8-8B4A-11D0-8D11-00A0C91BC942}") = "inFilewithPath", "..\inFilewithPath\inFilewithPath.vcxproj", "{F18A261C-6959-47ED-9F68-C32812B90D11}"
EndProject
Global
	GlobalSection(SolutionConfigurationPlatforms) = preSolution
		Debug|x64 = Debug|x64
		Debug|x86 = Debug|x86
		Release|x64 = Release|x64
		Release|x86 = Release|x86
	EndGlobalSection
	GlobalSection(ProjectConfigurationPlatforms) = postSolution
		{5CB3F7A0-7850-425B-9C9C-8A7EB409F43B}.Debug|x64.ActiveCfg = Debug|x64
		{5CB3F7A0-7850-425B-9C9C-8A7EB409F43B}.Debug|x64.Build.0 = Debug|x64
		{5CB3F7A0-7850-425B-9C9C-8A7EB409F43B}.Debug|x86.ActiveCfg = Debug|Win32
		{5CB3F7A0-7850-425B-9C9C-8A7EB409F43B}.Debug|x86.Build.0 = Debug|Win32
		{5CB3F7A0-7850-425B-9C9C-8A7EB409F43B}.Release|x64.ActiveCfg = Release|x64
		{5CB3F7A0-7850-425B-9C9C-8A7EB409F43B}.Release|x64.Build.0 = Release|x64
		{5CB3F7A0-7850-425B-9C9C-8A7EB409F43B}.Release|x86.ActiveCfg = Release|Win32
		{5CB3F7A0-7850-425B-9C9C-8A7EB409F43B}.Release|x86.Build.0 = Release|Win32
		{F18A261C-6959-47ED-9F68-C32812B90D11}.Debug|x64.ActiveCfg = Debug|x64
		{F18A261C-6959-47ED-9F68-C32812B90D11}.Debug|x64.Build.0 = Debug|x64
		{F18A261C-6959-47ED-9F68-C32812B90D11}.Debug|x86.ActiveCfg = Debug|Win32
		{F18A261C-6959-47ED-9F68-C32812B90D11}.Debug|x86.Build.0 = Debug|Win32
		{F18A261C-6959-47ED-9F68-C32812B90D11}.Release|x64.ActiveCfg = Release|x64
		{F18A261C-6959-47ED-9F68-C32812B90D11}.Release|x64.Build.0 = Release|x64
		{F18A261C-6959-47ED-9F68-C32812B90D11}.Release|x86.ActiveCfg = Release|Win32
		{F18A261C-6959-47ED-9F68-C32812B90D11}.Release|x86.Build.0 = Release|Win32
	EndGlobalSection
	GlobalSection(SolutionProperties) = preSolution
		HideSolutionNode = FALSE
	EndGlobalSection
	GlobalSection(ExtensibilityGlobals) = postSolution
		SolutionGuid = {4FA853A9-3C8F-4730-9BD2-7DA9ED0B099A}
	EndGlobalSection
EndGlobal
